version = 1
revision = 2
requires-python = ">=3.12"

[[package]]
name = "c"
version = "0.1.0"
source = { virtual = "." }
dependencies = [
    { name = "mysql-connector-python" },
    { name = "python-dotenv" },
]

[package.dev-dependencies]
dev = [
    { name = "ruff" },
]

[package.metadata]
requires-dist = [
    { name = "mysql-connector-python", specifier = ">=9.3.0" },
    { name = "python-dotenv", specifier = ">=1.1.0" },
]

[package.metadata.requires-dev]
dev = [{ name = "ruff", specifier = ">=0.11.13" }]

[[package]]
name = "mysql-connector-python"
version = "9.3.0"
source = { registry = "https://pypi.org/simple" }
sdist = { url = "https://files.pythonhosted.org/packages/82/5e/55b265cb95938e271208e5692d7e615c53f2aeea894ab72a9f14ab198e9a/mysql-connector-python-9.3.0.tar.gz", hash = "sha256:8b16d51447e3603f18478fb5a19b333bfb73fb58f872eb055a105635f53d2345", size = 942579, upload-time = "2025-05-07T18:50:34.339Z" }
wheels = [
    { url = "https://files.pythonhosted.org/packages/bf/73/b42061ea4c0500edad4f92834ed7d75b1a740d11970e531c5be4dc1af5cd/mysql_connector_python-9.3.0-cp312-cp312-macosx_14_0_arm64.whl", hash = "sha256:2589af070babdff9c920ee37f929218d80afa704f4e2a99f1ddcb13d19de4450", size = 15151288, upload-time = "2025-04-15T18:43:17.762Z" },
    { url = "https://files.pythonhosted.org/packages/27/87/9cd7e803c762c5098683c83837d2258c2f83cf82d33fabd1d0eaadae06ee/mysql_connector_python-9.3.0-cp312-cp312-macosx_14_0_x86_64.whl", hash = "sha256:1916256ecd039f4673715550d28138416bac5962335e06d36f7434c47feb5232", size = 15967397, upload-time = "2025-04-15T18:43:20.799Z" },
    { url = "https://files.pythonhosted.org/packages/5a/5d/cd63f31bf5d0536ee1e4216fb2f3f57175ca1e0dd37e1e8139083d2156e8/mysql_connector_python-9.3.0-cp312-cp312-manylinux_2_28_aarch64.whl", hash = "sha256:d33e2f88e1d4b15844cfed2bb6e90612525ba2c1af2fb10b4a25b2c89a1fe49a", size = 33457025, upload-time = "2025-04-15T18:43:24.09Z" },
    { url = "https://files.pythonhosted.org/packages/76/65/9609a96edc0d015d1017176974c42b955cf87ba92cd31765f99cba835715/mysql_connector_python-9.3.0-cp312-cp312-manylinux_2_28_x86_64.whl", hash = "sha256:0aedee809e1f8dbab6b2732f51ee1619b54a56d15b9070655bc31fb822c1a015", size = 33853427, upload-time = "2025-04-15T18:43:28.441Z" },
    { url = "https://files.pythonhosted.org/packages/c2/da/f81eeb5b63dea3ebe035fbbbdc036ae517155ad73f2e9640ee7c9eace09d/mysql_connector_python-9.3.0-cp312-cp312-win_amd64.whl", hash = "sha256:3853799f4b719357ea25eba05f5f278a158a85a5c8209b3d058947a948bc9262", size = 16358560, upload-time = "2025-04-15T18:43:32.281Z" },
    { url = "https://files.pythonhosted.org/packages/6a/16/5762061505a0d0d3a333613b6f5d7b8eb3222a689aa32f71ed15f1532ad1/mysql_connector_python-9.3.0-cp313-cp313-macosx_14_0_arm64.whl", hash = "sha256:9516a4cdbaee3c9200f0e7d9aafb31057692f45c202cdcb43a3f9b37c94e7c84", size = 15151425, upload-time = "2025-04-15T18:43:35.573Z" },
    { url = "https://files.pythonhosted.org/packages/db/40/22de86e966e648ea0e3e438ad523c86d0cf4866b3841e248726fb4afded8/mysql_connector_python-9.3.0-cp313-cp313-macosx_14_0_x86_64.whl", hash = "sha256:495798dd34445d749991fb3a2aa87b4205100676939556d8d4aab5d5558e7a1f", size = 15967663, upload-time = "2025-04-15T18:43:38.248Z" },
    { url = "https://files.pythonhosted.org/packages/4c/19/36983937347b6a58af546950c88a9403cdce944893850e80ffb7f602a099/mysql_connector_python-9.3.0-cp313-cp313-manylinux_2_28_aarch64.whl", hash = "sha256:be0ef15f6023ae2037347498f005a4471f694f8a6b8384c3194895e153120286", size = 33457288, upload-time = "2025-04-15T18:43:41.901Z" },
    { url = "https://files.pythonhosted.org/packages/18/12/7ccbc678a130df0f751596b37eddb98b2e40930d0ebc9ee41965ffbf0b92/mysql_connector_python-9.3.0-cp313-cp313-manylinux_2_28_x86_64.whl", hash = "sha256:4364d3a37c449f1c0bb9e52fd4eddc620126b9897b6b9f2fd1b3f33dacc16356", size = 33853838, upload-time = "2025-04-15T18:43:45.505Z" },
    { url = "https://files.pythonhosted.org/packages/c2/5e/c361caa024ce14ffc1f5b153d90f0febf5e9483a60c4b5c84e1e012363cc/mysql_connector_python-9.3.0-cp313-cp313-win_amd64.whl", hash = "sha256:2a5de57814217077a8672063167b616b1034a37b614b93abcb602cc0b8c6fade", size = 16358561, upload-time = "2025-04-15T18:43:49.176Z" },
    { url = "https://files.pythonhosted.org/packages/23/1d/8c2c6672094b538f4881f7714e5332fdcddd05a7e196cbc9eb4a9b5e9a45/mysql_connector_python-9.3.0-py2.py3-none-any.whl", hash = "sha256:8ab7719d614cf5463521082fab86afc21ada504b538166090e00eeaa1ff729bc", size = 399302, upload-time = "2025-04-15T18:44:10.046Z" },
]

[[package]]
name = "python-dotenv"
version = "1.1.0"
source = { registry = "https://pypi.org/simple" }
sdist = { url = "https://files.pythonhosted.org/packages/88/2c/7bb1416c5620485aa793f2de31d3df393d3686aa8a8506d11e10e13c5baf/python_dotenv-1.1.0.tar.gz", hash = "sha256:41f90bc6f5f177fb41f53e87666db362025010eb28f60a01c9143bfa33a2b2d5", size = 39920, upload-time = "2025-03-25T10:14:56.835Z" }
wheels = [
    { url = "https://files.pythonhosted.org/packages/1e/18/98a99ad95133c6a6e2005fe89faedf294a748bd5dc803008059409ac9b1e/python_dotenv-1.1.0-py3-none-any.whl", hash = "sha256:d7c01d9e2293916c18baf562d95698754b0dbbb5e74d457c45d4f6561fb9d55d", size = 20256, upload-time = "2025-03-25T10:14:55.034Z" },
]

[[package]]
name = "ruff"
version = "0.11.13"
source = { registry = "https://pypi.org/simple" }
sdist = { url = "https://files.pythonhosted.org/packages/ed/da/9c6f995903b4d9474b39da91d2d626659af3ff1eeb43e9ae7c119349dba6/ruff-0.11.13.tar.gz", hash = "sha256:26fa247dc68d1d4e72c179e08889a25ac0c7ba4d78aecfc835d49cbfd60bf514", size = 4282054, upload-time = "2025-06-05T21:00:15.721Z" }
wheels = [
    { url = "https://files.pythonhosted.org/packages/7d/ce/a11d381192966e0b4290842cc8d4fac7dc9214ddf627c11c1afff87da29b/ruff-0.11.13-py3-none-linux_armv6l.whl", hash = "sha256:4bdfbf1240533f40042ec00c9e09a3aade6f8c10b6414cf11b519488d2635d46", size = 10292516, upload-time = "2025-06-05T20:59:32.944Z" },
    { url = "https://files.pythonhosted.org/packages/78/db/87c3b59b0d4e753e40b6a3b4a2642dfd1dcaefbff121ddc64d6c8b47ba00/ruff-0.11.13-py3-none-macosx_10_12_x86_64.whl", hash = "sha256:aef9c9ed1b5ca28bb15c7eac83b8670cf3b20b478195bd49c8d756ba0a36cf48", size = 11106083, upload-time = "2025-06-05T20:59:37.03Z" },
    { url = "https://files.pythonhosted.org/packages/77/79/d8cec175856ff810a19825d09ce700265f905c643c69f45d2b737e4a470a/ruff-0.11.13-py3-none-macosx_11_0_arm64.whl", hash = "sha256:53b15a9dfdce029c842e9a5aebc3855e9ab7771395979ff85b7c1dedb53ddc2b", size = 10436024, upload-time = "2025-06-05T20:59:39.741Z" },
    { url = "https://files.pythonhosted.org/packages/8b/5b/f6d94f2980fa1ee854b41568368a2e1252681b9238ab2895e133d303538f/ruff-0.11.13-py3-none-manylinux_2_17_aarch64.manylinux2014_aarch64.whl", hash = "sha256:ab153241400789138d13f362c43f7edecc0edfffce2afa6a68434000ecd8f69a", size = 10646324, upload-time = "2025-06-05T20:59:42.185Z" },
    { url = "https://files.pythonhosted.org/packages/6c/9c/b4c2acf24ea4426016d511dfdc787f4ce1ceb835f3c5fbdbcb32b1c63bda/ruff-0.11.13-py3-none-manylinux_2_17_armv7l.manylinux2014_armv7l.whl", hash = "sha256:6c51f93029d54a910d3d24f7dd0bb909e31b6cd989a5e4ac513f4eb41629f0dc", size = 10174416, upload-time = "2025-06-05T20:59:44.319Z" },
    { url = "https://files.pythonhosted.org/packages/f3/10/e2e62f77c65ede8cd032c2ca39c41f48feabedb6e282bfd6073d81bb671d/ruff-0.11.13-py3-none-manylinux_2_17_i686.manylinux2014_i686.whl", hash = "sha256:1808b3ed53e1a777c2ef733aca9051dc9bf7c99b26ece15cb59a0320fbdbd629", size = 11724197, upload-time = "2025-06-05T20:59:46.935Z" },
    { url = "https://files.pythonhosted.org/packages/bb/f0/466fe8469b85c561e081d798c45f8a1d21e0b4a5ef795a1d7f1a9a9ec182/ruff-0.11.13-py3-none-manylinux_2_17_ppc64.manylinux2014_ppc64.whl", hash = "sha256:d28ce58b5ecf0f43c1b71edffabe6ed7f245d5336b17805803312ec9bc665933", size = 12511615, upload-time = "2025-06-05T20:59:49.534Z" },
    { url = "https://files.pythonhosted.org/packages/17/0e/cefe778b46dbd0cbcb03a839946c8f80a06f7968eb298aa4d1a4293f3448/ruff-0.11.13-py3-none-manylinux_2_17_ppc64le.manylinux2014_ppc64le.whl", hash = "sha256:55e4bc3a77842da33c16d55b32c6cac1ec5fb0fbec9c8c513bdce76c4f922165", size = 12117080, upload-time = "2025-06-05T20:59:51.654Z" },
    { url = "https://files.pythonhosted.org/packages/5d/2c/caaeda564cbe103bed145ea557cb86795b18651b0f6b3ff6a10e84e5a33f/ruff-0.11.13-py3-none-manylinux_2_17_s390x.manylinux2014_s390x.whl", hash = "sha256:633bf2c6f35678c56ec73189ba6fa19ff1c5e4807a78bf60ef487b9dd272cc71", size = 11326315, upload-time = "2025-06-05T20:59:54.469Z" },
    { url = "https://files.pythonhosted.org/packages/75/f0/782e7d681d660eda8c536962920c41309e6dd4ebcea9a2714ed5127d44bd/ruff-0.11.13-py3-none-manylinux_2_17_x86_64.manylinux2014_x86_64.whl", hash = "sha256:4ffbc82d70424b275b089166310448051afdc6e914fdab90e08df66c43bb5ca9", size = 11555640, upload-time = "2025-06-05T20:59:56.986Z" },
    { url = "https://files.pythonhosted.org/packages/5d/d4/3d580c616316c7f07fb3c99dbecfe01fbaea7b6fd9a82b801e72e5de742a/ruff-0.11.13-py3-none-musllinux_1_2_aarch64.whl", hash = "sha256:4a9ddd3ec62a9a89578c85842b836e4ac832d4a2e0bfaad3b02243f930ceafcc", size = 10507364, upload-time = "2025-06-05T20:59:59.154Z" },
    { url = "https://files.pythonhosted.org/packages/5a/dc/195e6f17d7b3ea6b12dc4f3e9de575db7983db187c378d44606e5d503319/ruff-0.11.13-py3-none-musllinux_1_2_armv7l.whl", hash = "sha256:d237a496e0778d719efb05058c64d28b757c77824e04ffe8796c7436e26712b7", size = 10141462, upload-time = "2025-06-05T21:00:01.481Z" },
    { url = "https://files.pythonhosted.org/packages/f4/8e/39a094af6967faa57ecdeacb91bedfb232474ff8c3d20f16a5514e6b3534/ruff-0.11.13-py3-none-musllinux_1_2_i686.whl", hash = "sha256:26816a218ca6ef02142343fd24c70f7cd8c5aa6c203bca284407adf675984432", size = 11121028, upload-time = "2025-06-05T21:00:04.06Z" },
    { url = "https://files.pythonhosted.org/packages/5a/c0/b0b508193b0e8a1654ec683ebab18d309861f8bd64e3a2f9648b80d392cb/ruff-0.11.13-py3-none-musllinux_1_2_x86_64.whl", hash = "sha256:51c3f95abd9331dc5b87c47ac7f376db5616041173826dfd556cfe3d4977f492", size = 11602992, upload-time = "2025-06-05T21:00:06.249Z" },
    { url = "https://files.pythonhosted.org/packages/7c/91/263e33ab93ab09ca06ce4f8f8547a858cc198072f873ebc9be7466790bae/ruff-0.11.13-py3-none-win32.whl", hash = "sha256:96c27935418e4e8e77a26bb05962817f28b8ef3843a6c6cc49d8783b5507f250", size = 10474944, upload-time = "2025-06-05T21:00:08.459Z" },
    { url = "https://files.pythonhosted.org/packages/46/f4/7c27734ac2073aae8efb0119cae6931b6fb48017adf048fdf85c19337afc/ruff-0.11.13-py3-none-win_amd64.whl", hash = "sha256:29c3189895a8a6a657b7af4e97d330c8a3afd2c9c8f46c81e2fc5a31866517e3", size = 11548669, upload-time = "2025-06-05T21:00:11.147Z" },
    { url = "https://files.pythonhosted.org/packages/ec/bf/b273dd11673fed8a6bd46032c0ea2a04b2ac9bfa9c628756a5856ba113b0/ruff-0.11.13-py3-none-win_arm64.whl", hash = "sha256:b4385285e9179d608ff1d2fb9922062663c658605819a6876d8beef0c30b7f3b", size = 10683928, upload-time = "2025-06-05T21:00:13.758Z" },
]
